// !$*UTF8*$!
{
	archiveVersion = 1;
	classes = {
	};
	objectVersion = 46;
	objects = {

/* Begin PBXBuildFile section */
		92F81CA1197108E100E88C8A /* Foundation.framework in Frameworks */ = {isa = PBXBuildFile; fileRef = 92F81CA0197108E100E88C8A /* Foundation.framework */; };
		92F81CA3197108E100E88C8A /* CoreGraphics.framework in Frameworks */ = {isa = PBXBuildFile; fileRef = 92F81CA2197108E100E88C8A /* CoreGraphics.framework */; };
		92F81CA5197108E100E88C8A /* UIKit.framework in Frameworks */ = {isa = PBXBuildFile; fileRef = 92F81CA4197108E100E88C8A /* UIKit.framework */; };
		92F81CA7197108E100E88C8A /* CoreData.framework in Frameworks */ = {isa = PBXBuildFile; fileRef = 92F81CA6197108E100E88C8A /* CoreData.framework */; };
		92F81CAD197108E100E88C8A /* InfoPlist.strings in Resources */ = {isa = PBXBuildFile; fileRef = 92F81CAB197108E100E88C8A /* InfoPlist.strings */; };
		92F81CAF197108E100E88C8A /* main.m in Sources */ = {isa = PBXBuildFile; fileRef = 92F81CAE197108E100E88C8A /* main.m */; };
		92F81CB3197108E100E88C8A /* LHAppDelegate.m in Sources */ = {isa = PBXBuildFile; fileRef = 92F81CB2197108E100E88C8A /* LHAppDelegate.m */; };
		92F81CB6197108E100E88C8A /* Allergy.xcdatamodeld in Sources */ = {isa = PBXBuildFile; fileRef = 92F81CB4197108E100E88C8A /* Allergy.xcdatamodeld */; };
		92F81CB8197108E100E88C8A /* Images.xcassets in Resources */ = {isa = PBXBuildFile; fileRef = 92F81CB7197108E100E88C8A /* Images.xcassets */; };
		92F81CBF197108E100E88C8A /* XCTest.framework in Frameworks */ = {isa = PBXBuildFile; fileRef = 92F81CBE197108E100E88C8A /* XCTest.framework */; };
		92F81CC0197108E100E88C8A /* Foundation.framework in Frameworks */ = {isa = PBXBuildFile; fileRef = 92F81CA0197108E100E88C8A /* Foundation.framework */; };
		92F81CC1197108E100E88C8A /* UIKit.framework in Frameworks */ = {isa = PBXBuildFile; fileRef = 92F81CA4197108E100E88C8A /* UIKit.framework */; };
		92F81CC2197108E100E88C8A /* CoreData.framework in Frameworks */ = {isa = PBXBuildFile; fileRef = 92F81CA6197108E100E88C8A /* CoreData.framework */; };
		92F81CCA197108E100E88C8A /* InfoPlist.strings in Resources */ = {isa = PBXBuildFile; fileRef = 92F81CC8197108E100E88C8A /* InfoPlist.strings */; };
		92F81CCC197108E100E88C8A /* AllergyTests.m in Sources */ = {isa = PBXBuildFile; fileRef = 92F81CCB197108E100E88C8A /* AllergyTests.m */; };
		92F81CD71971093E00E88C8A /* LHMainViewController.m in Sources */ = {isa = PBXBuildFile; fileRef = 92F81CD61971093E00E88C8A /* LHMainViewController.m */; };
		92F81CDA19710BE300E88C8A /* LHScanViewController.m in Sources */ = {isa = PBXBuildFile; fileRef = 92F81CD919710BE300E88C8A /* LHScanViewController.m */; };
		92F81CDC19710C6700E88C8A /* CoreVideo.framework in Frameworks */ = {isa = PBXBuildFile; fileRef = 92F81CDB19710C6700E88C8A /* CoreVideo.framework */; };
		92F81CE019710C8C00E88C8A /* libiconv.dylib in Frameworks */ = {isa = PBXBuildFile; fileRef = 92F81CDF19710C8C00E88C8A /* libiconv.dylib */; };
		92F81CE219710CAA00E88C8A /* AudioToolbox.framework in Frameworks */ = {isa = PBXBuildFile; fileRef = 92F81CE119710CAA00E88C8A /* AudioToolbox.framework */; };
		92F81CE419710CB900E88C8A /* AVFoundation.framework in Frameworks */ = {isa = PBXBuildFile; fileRef = 92F81CE319710CB900E88C8A /* AVFoundation.framework */; };
		92F81CE619710CC900E88C8A /* CoreMedia.framework in Frameworks */ = {isa = PBXBuildFile; fileRef = 92F81CE519710CC900E88C8A /* CoreMedia.framework */; };
		92F81CE819710CCF00E88C8A /* QuartzCore.framework in Frameworks */ = {isa = PBXBuildFile; fileRef = 92F81CE719710CCF00E88C8A /* QuartzCore.framework */; };
		92F81CEA19710CDF00E88C8A /* CoreLocation.framework in Frameworks */ = {isa = PBXBuildFile; fileRef = 92F81CE919710CDF00E88C8A /* CoreLocation.framework */; };
		92F81CEC19710CE700E88C8A /* SystemConfiguration.framework in Frameworks */ = {isa = PBXBuildFile; fileRef = 92F81CEB19710CE700E88C8A /* SystemConfiguration.framework */; };
		92F81D1B19710E6B00E88C8A /* libstdc++.dylib in Frameworks */ = {isa = PBXBuildFile; fileRef = 92F81D1A19710E6B00E88C8A /* libstdc++.dylib */; };
		92F81D3A197114FA00E88C8A /* libzbar.a in Frameworks */ = {isa = PBXBuildFile; fileRef = 92F81D34197114FA00E88C8A /* libzbar.a */; };
		92F81D3B197114FA00E88C8A /* zbar-back.png in Resources */ = {isa = PBXBuildFile; fileRef = 92F81D36197114FA00E88C8A /* zbar-back.png */; };
		92F81D3C197114FA00E88C8A /* zbar-help.html in Resources */ = {isa = PBXBuildFile; fileRef = 92F81D37197114FA00E88C8A /* zbar-help.html */; };
		92F81D3D197114FA00E88C8A /* zbar-helpicons.png in Resources */ = {isa = PBXBuildFile; fileRef = 92F81D38197114FA00E88C8A /* zbar-helpicons.png */; };
		92F81D3E197114FA00E88C8A /* zbar-samples.png in Resources */ = {isa = PBXBuildFile; fileRef = 92F81D39197114FA00E88C8A /* zbar-samples.png */; };
		92F81D411971403000E88C8A /* LHTableViewController.m in Sources */ = {isa = PBXBuildFile; fileRef = 92F81D401971403000E88C8A /* LHTableViewController.m */; };
		92F81D4519714D0400E88C8A /* camera.png in Resources */ = {isa = PBXBuildFile; fileRef = 92F81D4419714D0400E88C8A /* camera.png */; };
		92F81D4B19715AF900E88C8A /* LHSetupViewController.m in Sources */ = {isa = PBXBuildFile; fileRef = 92F81D4A19715AF900E88C8A /* LHSetupViewController.m */; };
		92F81D521971705100E88C8A /* Check.png in Resources */ = {isa = PBXBuildFile; fileRef = 92F81D501971705100E88C8A /* Check.png */; };
		92F81D531971705100E88C8A /* Cross.png in Resources */ = {isa = PBXBuildFile; fileRef = 92F81D511971705100E88C8A /* Cross.png */; };
		92F81D6219717FFC00E88C8A /* Cereal.jpg in Resources */ = {isa = PBXBuildFile; fileRef = 92F81D5419717FFC00E88C8A /* Cereal.jpg */; };
		92F81D6319717FFC00E88C8A /* Corn.jpg in Resources */ = {isa = PBXBuildFile; fileRef = 92F81D5519717FFC00E88C8A /* Corn.jpg */; };
		92F81D6519717FFC00E88C8A /* Fish.jpg in Resources */ = {isa = PBXBuildFile; fileRef = 92F81D5719717FFC00E88C8A /* Fish.jpg */; };
		92F81D6619717FFC00E88C8A /* Gluten.jpg in Resources */ = {isa = PBXBuildFile; fileRef = 92F81D5819717FFC00E88C8A /* Gluten.jpg */; };
		92F81D6719717FFC00E88C8A /* Lactose.jpg in Resources */ = {isa = PBXBuildFile; fileRef = 92F81D5919717FFC00E88C8A /* Lactose.jpg */; };
		92F81D6819717FFC00E88C8A /* Milk.jpg in Resources */ = {isa = PBXBuildFile; fileRef = 92F81D5A19717FFC00E88C8A /* Milk.jpg */; };
		92F81D6919717FFC00E88C8A /* Peanut.jpg in Resources */ = {isa = PBXBuildFile; fileRef = 92F81D5B19717FFC00E88C8A /* Peanut.jpg */; };
		92F81D6A19717FFC00E88C8A /* Sesame Seed.jpg in Resources */ = {isa = PBXBuildFile; fileRef = 92F81D5C19717FFC00E88C8A /* Sesame Seed.jpg */; };
		92F81D6C19717FFC00E88C8A /* Soybean.jpg in Resources */ = {isa = PBXBuildFile; fileRef = 92F81D5E19717FFC00E88C8A /* Soybean.jpg */; };
		92F81D6D19717FFC00E88C8A /* Sulfite.jpg in Resources */ = {isa = PBXBuildFile; fileRef = 92F81D5F19717FFC00E88C8A /* Sulfite.jpg */; };
		92F81D6F19717FFC00E88C8A /* Wheat.jpg in Resources */ = {isa = PBXBuildFile; fileRef = 92F81D6119717FFC00E88C8A /* Wheat.jpg */; };
		92F81D711971846000E88C8A /* Tree Nut.jpg in Resources */ = {isa = PBXBuildFile; fileRef = 92F81D701971846000E88C8A /* Tree Nut.jpg */; };
		92F81D781971859B00E88C8A /* Eggs.jpg in Resources */ = {isa = PBXBuildFile; fileRef = 92F81D761971859B00E88C8A /* Eggs.jpg */; };
		92F81D791971859B00E88C8A /* Shellfishs.jpg in Resources */ = {isa = PBXBuildFile; fileRef = 92F81D771971859B00E88C8A /* Shellfishs.jpg */; };
		92F81D7B1971890400E88C8A /* list.png in Resources */ = {isa = PBXBuildFile; fileRef = 92F81D7A1971890400E88C8A /* list.png */; };
		92F81D8C19718AF000E88C8A /* Cereal.png in Resources */ = {isa = PBXBuildFile; fileRef = 92F81D7E19718AF000E88C8A /* Cereal.png */; };
		92F81D8D19718AF000E88C8A /* Corn.png in Resources */ = {isa = PBXBuildFile; fileRef = 92F81D7F19718AF000E88C8A /* Corn.png */; };
		92F81D8E19718AF000E88C8A /* Egg.png in Resources */ = {isa = PBXBuildFile; fileRef = 92F81D8019718AF000E88C8A /* Egg.png */; };
		92F81D8F19718AF000E88C8A /* Fish.png in Resources */ = {isa = PBXBuildFile; fileRef = 92F81D8119718AF000E88C8A /* Fish.png */; };
		92F81D9019718AF000E88C8A /* Gluten.png in Resources */ = {isa = PBXBuildFile; fileRef = 92F81D8219718AF000E88C8A /* Gluten.png */; };
		92F81D9119718AF000E88C8A /* Lactose.png in Resources */ = {isa = PBXBuildFile; fileRef = 92F81D8319718AF000E88C8A /* Lactose.png */; };
		92F81D9219718AF000E88C8A /* Milk.png in Resources */ = {isa = PBXBuildFile; fileRef = 92F81D8419718AF000E88C8A /* Milk.png */; };
		92F81D9319718AF000E88C8A /* Peanut.png in Resources */ = {isa = PBXBuildFile; fileRef = 92F81D8519718AF000E88C8A /* Peanut.png */; };
		92F81D9419718AF000E88C8A /* Sesame Seed.png in Resources */ = {isa = PBXBuildFile; fileRef = 92F81D8619718AF000E88C8A /* Sesame Seed.png */; };
		92F81D9519718AF000E88C8A /* Shellfish.png in Resources */ = {isa = PBXBuildFile; fileRef = 92F81D8719718AF000E88C8A /* Shellfish.png */; };
		92F81D9619718AF000E88C8A /* Soybean.png in Resources */ = {isa = PBXBuildFile; fileRef = 92F81D8819718AF000E88C8A /* Soybean.png */; };
		92F81D9719718AF000E88C8A /* Sulfite.png in Resources */ = {isa = PBXBuildFile; fileRef = 92F81D8919718AF000E88C8A /* Sulfite.png */; };
		92F81D9819718AF000E88C8A /* Tree Nut.png in Resources */ = {isa = PBXBuildFile; fileRef = 92F81D8A19718AF000E88C8A /* Tree Nut.png */; };
		92F81D9919718AF000E88C8A /* Wheat.png in Resources */ = {isa = PBXBuildFile; fileRef = 92F81D8B19718AF000E88C8A /* Wheat.png */; };
		92F81D9B1971967100E88C8A /* Allergy-Info.plist in Resources */ = {isa = PBXBuildFile; fileRef = 92F81D9A1971967000E88C8A /* Allergy-Info.plist */; };
/* End PBXBuildFile section */

/* Begin PBXContainerItemProxy section */
		92F81CC3197108E100E88C8A /* PBXContainerItemProxy */ = {
			isa = PBXContainerItemProxy;
			containerPortal = 92F81C95197108E100E88C8A /* Project object */;
			proxyType = 1;
			remoteGlobalIDString = 92F81C9C197108E100E88C8A;
			remoteInfo = Allergy;
		};
/* End PBXContainerItemProxy section */

/* Begin PBXFileReference section */
		92F81C9D197108E100E88C8A /* Allergy.app */ = {isa = PBXFileReference; explicitFileType = wrapper.application; includeInIndex = 0; path = Allergy.app; sourceTree = BUILT_PRODUCTS_DIR; };
		92F81CA0197108E100E88C8A /* Foundation.framework */ = {isa = PBXFileReference; lastKnownFileType = wrapper.framework; name = Foundation.framework; path = System/Library/Frameworks/Foundation.framework; sourceTree = SDKROOT; };
		92F81CA2197108E100E88C8A /* CoreGraphics.framework */ = {isa = PBXFileReference; lastKnownFileType = wrapper.framework; name = CoreGraphics.framework; path = System/Library/Frameworks/CoreGraphics.framework; sourceTree = SDKROOT; };
		92F81CA4197108E100E88C8A /* UIKit.framework */ = {isa = PBXFileReference; lastKnownFileType = wrapper.framework; name = UIKit.framework; path = System/Library/Frameworks/UIKit.framework; sourceTree = SDKROOT; };
		92F81CA6197108E100E88C8A /* CoreData.framework */ = {isa = PBXFileReference; lastKnownFileType = wrapper.framework; name = CoreData.framework; path = System/Library/Frameworks/CoreData.framework; sourceTree = SDKROOT; };
		92F81CAC197108E100E88C8A /* en */ = {isa = PBXFileReference; lastKnownFileType = text.plist.strings; name = en; path = en.lproj/InfoPlist.strings; sourceTree = "<group>"; };
		92F81CAE197108E100E88C8A /* main.m */ = {isa = PBXFileReference; lastKnownFileType = sourcecode.c.objc; path = main.m; sourceTree = "<group>"; };
		92F81CB0197108E100E88C8A /* Allergy-Prefix.pch */ = {isa = PBXFileReference; lastKnownFileType = sourcecode.c.h; path = "Allergy-Prefix.pch"; sourceTree = "<group>"; };
		92F81CB1197108E100E88C8A /* LHAppDelegate.h */ = {isa = PBXFileReference; lastKnownFileType = sourcecode.c.h; path = LHAppDelegate.h; sourceTree = "<group>"; };
		92F81CB2197108E100E88C8A /* LHAppDelegate.m */ = {isa = PBXFileReference; lastKnownFileType = sourcecode.c.objc; path = LHAppDelegate.m; sourceTree = "<group>"; };
		92F81CB5197108E100E88C8A /* Allergy.xcdatamodel */ = {isa = PBXFileReference; lastKnownFileType = wrapper.xcdatamodel; path = Allergy.xcdatamodel; sourceTree = "<group>"; };
		92F81CB7197108E100E88C8A /* Images.xcassets */ = {isa = PBXFileReference; lastKnownFileType = folder.assetcatalog; path = Images.xcassets; sourceTree = "<group>"; };
		92F81CBD197108E100E88C8A /* AllergyTests.xctest */ = {isa = PBXFileReference; explicitFileType = wrapper.cfbundle; includeInIndex = 0; path = AllergyTests.xctest; sourceTree = BUILT_PRODUCTS_DIR; };
		92F81CBE197108E100E88C8A /* XCTest.framework */ = {isa = PBXFileReference; lastKnownFileType = wrapper.framework; name = XCTest.framework; path = Library/Frameworks/XCTest.framework; sourceTree = DEVELOPER_DIR; };
		92F81CC7197108E100E88C8A /* AllergyTests-Info.plist */ = {isa = PBXFileReference; lastKnownFileType = text.plist.xml; path = "AllergyTests-Info.plist"; sourceTree = "<group>"; };
		92F81CC9197108E100E88C8A /* en */ = {isa = PBXFileReference; lastKnownFileType = text.plist.strings; name = en; path = en.lproj/InfoPlist.strings; sourceTree = "<group>"; };
		92F81CCB197108E100E88C8A /* AllergyTests.m */ = {isa = PBXFileReference; lastKnownFileType = sourcecode.c.objc; path = AllergyTests.m; sourceTree = "<group>"; };
		92F81CD51971093E00E88C8A /* LHMainViewController.h */ = {isa = PBXFileReference; fileEncoding = 4; lastKnownFileType = sourcecode.c.h; path = LHMainViewController.h; sourceTree = "<group>"; };
		92F81CD61971093E00E88C8A /* LHMainViewController.m */ = {isa = PBXFileReference; fileEncoding = 4; lastKnownFileType = sourcecode.c.objc; path = LHMainViewController.m; sourceTree = "<group>"; };
		92F81CD819710BE300E88C8A /* LHScanViewController.h */ = {isa = PBXFileReference; fileEncoding = 4; lastKnownFileType = sourcecode.c.h; path = LHScanViewController.h; sourceTree = "<group>"; };
		92F81CD919710BE300E88C8A /* LHScanViewController.m */ = {isa = PBXFileReference; fileEncoding = 4; lastKnownFileType = sourcecode.c.objc; path = LHScanViewController.m; sourceTree = "<group>"; };
		92F81CDB19710C6700E88C8A /* CoreVideo.framework */ = {isa = PBXFileReference; lastKnownFileType = wrapper.framework; name = CoreVideo.framework; path = System/Library/Frameworks/CoreVideo.framework; sourceTree = SDKROOT; };
		92F81CDD19710C7E00E88C8A /* libc++.dylib */ = {isa = PBXFileReference; lastKnownFileType = "compiled.mach-o.dylib"; name = "libc++.dylib"; path = "usr/lib/libc++.dylib"; sourceTree = SDKROOT; };
		92F81CDF19710C8C00E88C8A /* libiconv.dylib */ = {isa = PBXFileReference; lastKnownFileType = "compiled.mach-o.dylib"; name = libiconv.dylib; path = usr/lib/libiconv.dylib; sourceTree = SDKROOT; };
		92F81CE119710CAA00E88C8A /* AudioToolbox.framework */ = {isa = PBXFileReference; lastKnownFileType = wrapper.framework; name = AudioToolbox.framework; path = System/Library/Frameworks/AudioToolbox.framework; sourceTree = SDKROOT; };
		92F81CE319710CB900E88C8A /* AVFoundation.framework */ = {isa = PBXFileReference; lastKnownFileType = wrapper.framework; name = AVFoundation.framework; path = System/Library/Frameworks/AVFoundation.framework; sourceTree = SDKROOT; };
		92F81CE519710CC900E88C8A /* CoreMedia.framework */ = {isa = PBXFileReference; lastKnownFileType = wrapper.framework; name = CoreMedia.framework; path = System/Library/Frameworks/CoreMedia.framework; sourceTree = SDKROOT; };
		92F81CE719710CCF00E88C8A /* QuartzCore.framework */ = {isa = PBXFileReference; lastKnownFileType = wrapper.framework; name = QuartzCore.framework; path = System/Library/Frameworks/QuartzCore.framework; sourceTree = SDKROOT; };
		92F81CE919710CDF00E88C8A /* CoreLocation.framework */ = {isa = PBXFileReference; lastKnownFileType = wrapper.framework; name = CoreLocation.framework; path = System/Library/Frameworks/CoreLocation.framework; sourceTree = SDKROOT; };
		92F81CEB19710CE700E88C8A /* SystemConfiguration.framework */ = {isa = PBXFileReference; lastKnownFileType = wrapper.framework; name = SystemConfiguration.framework; path = System/Library/Frameworks/SystemConfiguration.framework; sourceTree = SDKROOT; };
		92F81D1A19710E6B00E88C8A /* libstdc++.dylib */ = {isa = PBXFileReference; lastKnownFileType = "compiled.mach-o.dylib"; name = "libstdc++.dylib"; path = "usr/lib/libstdc++.dylib"; sourceTree = SDKROOT; };
		92F81D20197114FA00E88C8A /* Decoder.h */ = {isa = PBXFileReference; fileEncoding = 4; lastKnownFileType = sourcecode.c.h; path = Decoder.h; sourceTree = "<group>"; };
		92F81D21197114FA00E88C8A /* Exception.h */ = {isa = PBXFileReference; fileEncoding = 4; lastKnownFileType = sourcecode.c.h; path = Exception.h; sourceTree = "<group>"; };
		92F81D22197114FA00E88C8A /* Image.h */ = {isa = PBXFileReference; fileEncoding = 4; lastKnownFileType = sourcecode.c.h; path = Image.h; sourceTree = "<group>"; };
		92F81D23197114FA00E88C8A /* ImageScanner.h */ = {isa = PBXFileReference; fileEncoding = 4; lastKnownFileType = sourcecode.c.h; path = ImageScanner.h; sourceTree = "<group>"; };
		92F81D24197114FA00E88C8A /* Processor.h */ = {isa = PBXFileReference; fileEncoding = 4; lastKnownFileType = sourcecode.c.h; path = Processor.h; sourceTree = "<group>"; };
		92F81D25197114FA00E88C8A /* Scanner.h */ = {isa = PBXFileReference; fileEncoding = 4; lastKnownFileType = sourcecode.c.h; path = Scanner.h; sourceTree = "<group>"; };
		92F81D26197114FA00E88C8A /* Symbol.h */ = {isa = PBXFileReference; fileEncoding = 4; lastKnownFileType = sourcecode.c.h; path = Symbol.h; sourceTree = "<group>"; };
		92F81D27197114FA00E88C8A /* Video.h */ = {isa = PBXFileReference; fileEncoding = 4; lastKnownFileType = sourcecode.c.h; path = Video.h; sourceTree = "<group>"; };
		92F81D28197114FA00E88C8A /* Window.h */ = {isa = PBXFileReference; fileEncoding = 4; lastKnownFileType = sourcecode.c.h; path = Window.h; sourceTree = "<group>"; };
		92F81D29197114FA00E88C8A /* zbar.h */ = {isa = PBXFileReference; fileEncoding = 4; lastKnownFileType = sourcecode.c.h; path = zbar.h; sourceTree = "<group>"; };
		92F81D2A197114FA00E88C8A /* ZBarCameraSimulator.h */ = {isa = PBXFileReference; fileEncoding = 4; lastKnownFileType = sourcecode.c.h; path = ZBarCameraSimulator.h; sourceTree = "<group>"; };
		92F81D2B197114FA00E88C8A /* ZBarCaptureReader.h */ = {isa = PBXFileReference; fileEncoding = 4; lastKnownFileType = sourcecode.c.h; path = ZBarCaptureReader.h; sourceTree = "<group>"; };
		92F81D2C197114FA00E88C8A /* ZBarHelpController.h */ = {isa = PBXFileReference; fileEncoding = 4; lastKnownFileType = sourcecode.c.h; path = ZBarHelpController.h; sourceTree = "<group>"; };
		92F81D2D197114FA00E88C8A /* ZBarImage.h */ = {isa = PBXFileReference; fileEncoding = 4; lastKnownFileType = sourcecode.c.h; path = ZBarImage.h; sourceTree = "<group>"; };
		92F81D2E197114FA00E88C8A /* ZBarImageScanner.h */ = {isa = PBXFileReference; fileEncoding = 4; lastKnownFileType = sourcecode.c.h; path = ZBarImageScanner.h; sourceTree = "<group>"; };
		92F81D2F197114FA00E88C8A /* ZBarReaderController.h */ = {isa = PBXFileReference; fileEncoding = 4; lastKnownFileType = sourcecode.c.h; path = ZBarReaderController.h; sourceTree = "<group>"; };
		92F81D30197114FA00E88C8A /* ZBarReaderView.h */ = {isa = PBXFileReference; fileEncoding = 4; lastKnownFileType = sourcecode.c.h; path = ZBarReaderView.h; sourceTree = "<group>"; };
		92F81D31197114FA00E88C8A /* ZBarReaderViewController.h */ = {isa = PBXFileReference; fileEncoding = 4; lastKnownFileType = sourcecode.c.h; path = ZBarReaderViewController.h; sourceTree = "<group>"; };
		92F81D32197114FA00E88C8A /* ZBarSDK.h */ = {isa = PBXFileReference; fileEncoding = 4; lastKnownFileType = sourcecode.c.h; path = ZBarSDK.h; sourceTree = "<group>"; };
		92F81D33197114FA00E88C8A /* ZBarSymbol.h */ = {isa = PBXFileReference; fileEncoding = 4; lastKnownFileType = sourcecode.c.h; path = ZBarSymbol.h; sourceTree = "<group>"; };
		92F81D34197114FA00E88C8A /* libzbar.a */ = {isa = PBXFileReference; lastKnownFileType = archive.ar; path = libzbar.a; sourceTree = "<group>"; };
		92F81D36197114FA00E88C8A /* zbar-back.png */ = {isa = PBXFileReference; lastKnownFileType = image.png; path = "zbar-back.png"; sourceTree = "<group>"; };
		92F81D37197114FA00E88C8A /* zbar-help.html */ = {isa = PBXFileReference; fileEncoding = 4; lastKnownFileType = text.html; path = "zbar-help.html"; sourceTree = "<group>"; };
		92F81D38197114FA00E88C8A /* zbar-helpicons.png */ = {isa = PBXFileReference; lastKnownFileType = image.png; path = "zbar-helpicons.png"; sourceTree = "<group>"; };
		92F81D39197114FA00E88C8A /* zbar-samples.png */ = {isa = PBXFileReference; lastKnownFileType = image.png; path = "zbar-samples.png"; sourceTree = "<group>"; };
		92F81D3F1971403000E88C8A /* LHTableViewController.h */ = {isa = PBXFileReference; fileEncoding = 4; lastKnownFileType = sourcecode.c.h; path = LHTableViewController.h; sourceTree = "<group>"; };
		92F81D401971403000E88C8A /* LHTableViewController.m */ = {isa = PBXFileReference; fileEncoding = 4; lastKnownFileType = sourcecode.c.objc; path = LHTableViewController.m; sourceTree = "<group>"; };
		92F81D4419714D0400E88C8A /* camera.png */ = {isa = PBXFileReference; lastKnownFileType = image.png; name = camera.png; path = Allergy/camera.png; sourceTree = "<group>"; };
		92F81D4919715AF900E88C8A /* LHSetupViewController.h */ = {isa = PBXFileReference; fileEncoding = 4; lastKnownFileType = sourcecode.c.h; path = LHSetupViewController.h; sourceTree = "<group>"; };
		92F81D4A19715AF900E88C8A /* LHSetupViewController.m */ = {isa = PBXFileReference; fileEncoding = 4; lastKnownFileType = sourcecode.c.objc; path = LHSetupViewController.m; sourceTree = "<group>"; };
		92F81D501971705100E88C8A /* Check.png */ = {isa = PBXFileReference; lastKnownFileType = image.png; path = Check.png; sourceTree = "<group>"; };
		92F81D511971705100E88C8A /* Cross.png */ = {isa = PBXFileReference; lastKnownFileType = image.png; path = Cross.png; sourceTree = "<group>"; };
		92F81D5419717FFC00E88C8A /* Cereal.jpg */ = {isa = PBXFileReference; lastKnownFileType = image.jpeg; path = Cereal.jpg; sourceTree = "<group>"; };
		92F81D5519717FFC00E88C8A /* Corn.jpg */ = {isa = PBXFileReference; lastKnownFileType = image.jpeg; path = Corn.jpg; sourceTree = "<group>"; };
		92F81D5719717FFC00E88C8A /* Fish.jpg */ = {isa = PBXFileReference; lastKnownFileType = image.jpeg; path = Fish.jpg; sourceTree = "<group>"; };
		92F81D5819717FFC00E88C8A /* Gluten.jpg */ = {isa = PBXFileReference; lastKnownFileType = image.jpeg; path = Gluten.jpg; sourceTree = "<group>"; };
		92F81D5919717FFC00E88C8A /* Lactose.jpg */ = {isa = PBXFileReference; lastKnownFileType = image.jpeg; path = Lactose.jpg; sourceTree = "<group>"; };
		92F81D5A19717FFC00E88C8A /* Milk.jpg */ = {isa = PBXFileReference; lastKnownFileType = image.jpeg; path = Milk.jpg; sourceTree = "<group>"; };
		92F81D5B19717FFC00E88C8A /* Peanut.jpg */ = {isa = PBXFileReference; lastKnownFileType = image.jpeg; path = Peanut.jpg; sourceTree = "<group>"; };
		92F81D5C19717FFC00E88C8A /* Sesame Seed.jpg */ = {isa = PBXFileReference; lastKnownFileType = image.jpeg; path = "Sesame Seed.jpg"; sourceTree = "<group>"; };
		92F81D5E19717FFC00E88C8A /* Soybean.jpg */ = {isa = PBXFileReference; lastKnownFileType = image.jpeg; path = Soybean.jpg; sourceTree = "<group>"; };
		92F81D5F19717FFC00E88C8A /* Sulfite.jpg */ = {isa = PBXFileReference; lastKnownFileType = image.jpeg; path = Sulfite.jpg; sourceTree = "<group>"; };
		92F81D6119717FFC00E88C8A /* Wheat.jpg */ = {isa = PBXFileReference; lastKnownFileType = image.jpeg; path = Wheat.jpg; sourceTree = "<group>"; };
		92F81D701971846000E88C8A /* Tree Nut.jpg */ = {isa = PBXFileReference; lastKnownFileType = image.jpeg; path = "Tree Nut.jpg"; sourceTree = "<group>"; };
		92F81D761971859B00E88C8A /* Eggs.jpg */ = {isa = PBXFileReference; lastKnownFileType = image.jpeg; path = Eggs.jpg; sourceTree = "<group>"; };
		92F81D771971859B00E88C8A /* Shellfishs.jpg */ = {isa = PBXFileReference; lastKnownFileType = image.jpeg; path = Shellfishs.jpg; sourceTree = "<group>"; };
		92F81D7A1971890400E88C8A /* list.png */ = {isa = PBXFileReference; lastKnownFileType = image.png; path = list.png; sourceTree = "<group>"; };
		92F81D7E19718AF000E88C8A /* Cereal.png */ = {isa = PBXFileReference; lastKnownFileType = image.png; path = Cereal.png; sourceTree = "<group>"; };
		92F81D7F19718AF000E88C8A /* Corn.png */ = {isa = PBXFileReference; lastKnownFileType = image.png; path = Corn.png; sourceTree = "<group>"; };
		92F81D8019718AF000E88C8A /* Egg.png */ = {isa = PBXFileReference; lastKnownFileType = image.png; path = Egg.png; sourceTree = "<group>"; };
		92F81D8119718AF000E88C8A /* Fish.png */ = {isa = PBXFileReference; lastKnownFileType = image.png; path = Fish.png; sourceTree = "<group>"; };
		92F81D8219718AF000E88C8A /* Gluten.png */ = {isa = PBXFileReference; lastKnownFileType = image.png; path = Gluten.png; sourceTree = "<group>"; };
		92F81D8319718AF000E88C8A /* Lactose.png */ = {isa = PBXFileReference; lastKnownFileType = image.png; path = Lactose.png; sourceTree = "<group>"; };
		92F81D8419718AF000E88C8A /* Milk.png */ = {isa = PBXFileReference; lastKnownFileType = image.png; path = Milk.png; sourceTree = "<group>"; };
		92F81D8519718AF000E88C8A /* Peanut.png */ = {isa = PBXFileReference; lastKnownFileType = image.png; path = Peanut.png; sourceTree = "<group>"; };
		92F81D8619718AF000E88C8A /* Sesame Seed.png */ = {isa = PBXFileReference; lastKnownFileType = image.png; path = "Sesame Seed.png"; sourceTree = "<group>"; };
		92F81D8719718AF000E88C8A /* Shellfish.png */ = {isa = PBXFileReference; lastKnownFileType = image.png; path = Shellfish.png; sourceTree = "<group>"; };
		92F81D8819718AF000E88C8A /* Soybean.png */ = {isa = PBXFileReference; lastKnownFileType = image.png; path = Soybean.png; sourceTree = "<group>"; };
		92F81D8919718AF000E88C8A /* Sulfite.png */ = {isa = PBXFileReference; lastKnownFileType = image.png; path = Sulfite.png; sourceTree = "<group>"; };
		92F81D8A19718AF000E88C8A /* Tree Nut.png */ = {isa = PBXFileReference; lastKnownFileType = image.png; path = "Tree Nut.png"; sourceTree = "<group>"; };
		92F81D8B19718AF000E88C8A /* Wheat.png */ = {isa = PBXFileReference; lastKnownFileType = image.png; path = Wheat.png; sourceTree = "<group>"; };
		92F81D9A1971967000E88C8A /* Allergy-Info.plist */ = {isa = PBXFileReference; fileEncoding = 4; lastKnownFileType = text.plist.xml; path = "Allergy-Info.plist"; sourceTree = "<group>"; };
/* End PBXFileReference section */

/* Begin PBXFrameworksBuildPhase section */
		92F81C9A197108E100E88C8A /* Frameworks */ = {
			isa = PBXFrameworksBuildPhase;
			buildActionMask = 2147483647;
			files = (
				92F81D1B19710E6B00E88C8A /* libstdc++.dylib in Frameworks */,
				92F81CEC19710CE700E88C8A /* SystemConfiguration.framework in Frameworks */,
				92F81D3A197114FA00E88C8A /* libzbar.a in Frameworks */,
				92F81CEA19710CDF00E88C8A /* CoreLocation.framework in Frameworks */,
				92F81CE819710CCF00E88C8A /* QuartzCore.framework in Frameworks */,
				92F81CE619710CC900E88C8A /* CoreMedia.framework in Frameworks */,
				92F81CE419710CB900E88C8A /* AVFoundation.framework in Frameworks */,
				92F81CE219710CAA00E88C8A /* AudioToolbox.framework in Frameworks */,
				92F81CA3197108E100E88C8A /* CoreGraphics.framework in Frameworks */,
				92F81CE019710C8C00E88C8A /* libiconv.dylib in Frameworks */,
				92F81CDC19710C6700E88C8A /* CoreVideo.framework in Frameworks */,
				92F81CA7197108E100E88C8A /* CoreData.framework in Frameworks */,
				92F81CA5197108E100E88C8A /* UIKit.framework in Frameworks */,
				92F81CA1197108E100E88C8A /* Foundation.framework in Frameworks */,
			);
			runOnlyForDeploymentPostprocessing = 0;
		};
		92F81CBA197108E100E88C8A /* Frameworks */ = {
			isa = PBXFrameworksBuildPhase;
			buildActionMask = 2147483647;
			files = (
				92F81CBF197108E100E88C8A /* XCTest.framework in Frameworks */,
				92F81CC2197108E100E88C8A /* CoreData.framework in Frameworks */,
				92F81CC1197108E100E88C8A /* UIKit.framework in Frameworks */,
				92F81CC0197108E100E88C8A /* Foundation.framework in Frameworks */,
			);
			runOnlyForDeploymentPostprocessing = 0;
		};
/* End PBXFrameworksBuildPhase section */

/* Begin PBXGroup section */
		92F81C94197108E100E88C8A = {
			isa = PBXGroup;
			children = (
				92F81D4419714D0400E88C8A /* camera.png */,
				92F81D7A1971890400E88C8A /* list.png */,
				92F81D5419717FFC00E88C8A /* Cereal.jpg */,
				92F81D7E19718AF000E88C8A /* Cereal.png */,
				92F81D7F19718AF000E88C8A /* Corn.png */,
				92F81D8019718AF000E88C8A /* Egg.png */,
				92F81D8119718AF000E88C8A /* Fish.png */,
				92F81D8219718AF000E88C8A /* Gluten.png */,
				92F81D8319718AF000E88C8A /* Lactose.png */,
				92F81D8419718AF000E88C8A /* Milk.png */,
				92F81D8519718AF000E88C8A /* Peanut.png */,
				92F81D8619718AF000E88C8A /* Sesame Seed.png */,
				92F81D8719718AF000E88C8A /* Shellfish.png */,
				92F81D8819718AF000E88C8A /* Soybean.png */,
				92F81D8919718AF000E88C8A /* Sulfite.png */,
				92F81D8A19718AF000E88C8A /* Tree Nut.png */,
				92F81D8B19718AF000E88C8A /* Wheat.png */,
				92F81D761971859B00E88C8A /* Eggs.jpg */,
				92F81D771971859B00E88C8A /* Shellfishs.jpg */,
				92F81D5519717FFC00E88C8A /* Corn.jpg */,
				92F81D5719717FFC00E88C8A /* Fish.jpg */,
				92F81D5819717FFC00E88C8A /* Gluten.jpg */,
				92F81D701971846000E88C8A /* Tree Nut.jpg */,
				92F81D5919717FFC00E88C8A /* Lactose.jpg */,
				92F81D5A19717FFC00E88C8A /* Milk.jpg */,
				92F81D5B19717FFC00E88C8A /* Peanut.jpg */,
				92F81D5C19717FFC00E88C8A /* Sesame Seed.jpg */,
				92F81D5E19717FFC00E88C8A /* Soybean.jpg */,
				92F81D5F19717FFC00E88C8A /* Sulfite.jpg */,
				92F81D6119717FFC00E88C8A /* Wheat.jpg */,
				92F81D501971705100E88C8A /* Check.png */,
				92F81D511971705100E88C8A /* Cross.png */,
				92F81D1C197114FA00E88C8A /* ZBarSDK */,
				92F81CA8197108E100E88C8A /* Allergy */,
				92F81CC5197108E100E88C8A /* AllergyTests */,
				92F81C9F197108E100E88C8A /* Frameworks */,
				92F81C9E197108E100E88C8A /* Products */,
			);
			sourceTree = "<group>";
		};
		92F81C9E197108E100E88C8A /* Products */ = {
			isa = PBXGroup;
			children = (
				92F81C9D197108E100E88C8A /* Allergy.app */,
				92F81CBD197108E100E88C8A /* AllergyTests.xctest */,
			);
			name = Products;
			sourceTree = "<group>";
		};
		92F81C9F197108E100E88C8A /* Frameworks */ = {
			isa = PBXGroup;
			children = (
				92F81D1A19710E6B00E88C8A /* libstdc++.dylib */,
				92F81CEB19710CE700E88C8A /* SystemConfiguration.framework */,
				92F81CE919710CDF00E88C8A /* CoreLocation.framework */,
				92F81CE719710CCF00E88C8A /* QuartzCore.framework */,
				92F81CE519710CC900E88C8A /* CoreMedia.framework */,
				92F81CE319710CB900E88C8A /* AVFoundation.framework */,
				92F81CE119710CAA00E88C8A /* AudioToolbox.framework */,
				92F81CDF19710C8C00E88C8A /* libiconv.dylib */,
				92F81CDD19710C7E00E88C8A /* libc++.dylib */,
				92F81CDB19710C6700E88C8A /* CoreVideo.framework */,
				92F81CA0197108E100E88C8A /* Foundation.framework */,
				92F81CA2197108E100E88C8A /* CoreGraphics.framework */,
				92F81CA4197108E100E88C8A /* UIKit.framework */,
				92F81CA6197108E100E88C8A /* CoreData.framework */,
				92F81CBE197108E100E88C8A /* XCTest.framework */,
			);
			name = Frameworks;
			sourceTree = "<group>";
		};
		92F81CA8197108E100E88C8A /* Allergy */ = {
			isa = PBXGroup;
			children = (
				92F81CB1197108E100E88C8A /* LHAppDelegate.h */,
				92F81D9A1971967000E88C8A /* Allergy-Info.plist */,
				92F81CB2197108E100E88C8A /* LHAppDelegate.m */,
				92F81CD51971093E00E88C8A /* LHMainViewController.h */,
				92F81CD61971093E00E88C8A /* LHMainViewController.m */,
				92F81D4919715AF900E88C8A /* LHSetupViewController.h */,
				92F81D4A19715AF900E88C8A /* LHSetupViewController.m */,
				92F81CD819710BE300E88C8A /* LHScanViewController.h */,
				92F81CD919710BE300E88C8A /* LHScanViewController.m */,
				92F81D3F1971403000E88C8A /* LHTableViewController.h */,
				92F81D401971403000E88C8A /* LHTableViewController.m */,
				92F81CB7197108E100E88C8A /* Images.xcassets */,
				92F81CB4197108E100E88C8A /* Allergy.xcdatamodeld */,
				92F81CA9197108E100E88C8A /* Supporting Files */,
			);
			path = Allergy;
			sourceTree = "<group>";
		};
		92F81CA9197108E100E88C8A /* Supporting Files */ = {
			isa = PBXGroup;
			children = (
				92F81CAB197108E100E88C8A /* InfoPlist.strings */,
				92F81CAE197108E100E88C8A /* main.m */,
				92F81CB0197108E100E88C8A /* Allergy-Prefix.pch */,
			);
			name = "Supporting Files";
			sourceTree = "<group>";
		};
		92F81CC5197108E100E88C8A /* AllergyTests */ = {
			isa = PBXGroup;
			children = (
				92F81CCB197108E100E88C8A /* AllergyTests.m */,
				92F81CC6197108E100E88C8A /* Supporting Files */,
			);
			path = AllergyTests;
			sourceTree = "<group>";
		};
		92F81CC6197108E100E88C8A /* Supporting Files */ = {
			isa = PBXGroup;
			children = (
				92F81CC7197108E100E88C8A /* AllergyTests-Info.plist */,
				92F81CC8197108E100E88C8A /* InfoPlist.strings */,
			);
			name = "Supporting Files";
			sourceTree = "<group>";
		};
		92F81D1C197114FA00E88C8A /* ZBarSDK */ = {
			isa = PBXGroup;
			children = (
				92F81D1D197114FA00E88C8A /* Headers */,
				92F81D34197114FA00E88C8A /* libzbar.a */,
				92F81D35197114FA00E88C8A /* Resources */,
			);
			path = ZBarSDK;
			sourceTree = "<group>";
		};
		92F81D1D197114FA00E88C8A /* Headers */ = {
			isa = PBXGroup;
			children = (
				92F81D1E197114FA00E88C8A /* ZBarSDK */,
			);
			path = Headers;
			sourceTree = "<group>";
		};
		92F81D1E197114FA00E88C8A /* ZBarSDK */ = {
			isa = PBXGroup;
			children = (
				92F81D1F197114FA00E88C8A /* zbar */,
				92F81D29197114FA00E88C8A /* zbar.h */,
				92F81D2A197114FA00E88C8A /* ZBarCameraSimulator.h */,
				92F81D2B197114FA00E88C8A /* ZBarCaptureReader.h */,
				92F81D2C197114FA00E88C8A /* ZBarHelpController.h */,
				92F81D2D197114FA00E88C8A /* ZBarImage.h */,
				92F81D2E197114FA00E88C8A /* ZBarImageScanner.h */,
				92F81D2F197114FA00E88C8A /* ZBarReaderController.h */,
				92F81D30197114FA00E88C8A /* ZBarReaderView.h */,
				92F81D31197114FA00E88C8A /* ZBarReaderViewController.h */,
				92F81D32197114FA00E88C8A /* ZBarSDK.h */,
				92F81D33197114FA00E88C8A /* ZBarSymbol.h */,
			);
			path = ZBarSDK;
			sourceTree = "<group>";
		};
		92F81D1F197114FA00E88C8A /* zbar */ = {
			isa = PBXGroup;
			children = (
				92F81D20197114FA00E88C8A /* Decoder.h */,
				92F81D21197114FA00E88C8A /* Exception.h */,
				92F81D22197114FA00E88C8A /* Image.h */,
				92F81D23197114FA00E88C8A /* ImageScanner.h */,
				92F81D24197114FA00E88C8A /* Processor.h */,
				92F81D25197114FA00E88C8A /* Scanner.h */,
				92F81D26197114FA00E88C8A /* Symbol.h */,
				92F81D27197114FA00E88C8A /* Video.h */,
				92F81D28197114FA00E88C8A /* Window.h */,
			);
			path = zbar;
			sourceTree = "<group>";
		};
		92F81D35197114FA00E88C8A /* Resources */ = {
			isa = PBXGroup;
			children = (
				92F81D36197114FA00E88C8A /* zbar-back.png */,
				92F81D37197114FA00E88C8A /* zbar-help.html */,
				92F81D38197114FA00E88C8A /* zbar-helpicons.png */,
				92F81D39197114FA00E88C8A /* zbar-samples.png */,
			);
			path = Resources;
			sourceTree = "<group>";
		};
/* End PBXGroup section */

/* Begin PBXNativeTarget section */
		92F81C9C197108E100E88C8A /* Allergy */ = {
			isa = PBXNativeTarget;
			buildConfigurationList = 92F81CCF197108E100E88C8A /* Build configuration list for PBXNativeTarget "Allergy" */;
			buildPhases = (
				92F81C99197108E100E88C8A /* Sources */,
				92F81C9A197108E100E88C8A /* Frameworks */,
				92F81C9B197108E100E88C8A /* Resources */,
			);
			buildRules = (
			);
			dependencies = (
			);
			name = Allergy;
			productName = Allergy;
			productReference = 92F81C9D197108E100E88C8A /* Allergy.app */;
			productType = "com.apple.product-type.application";
		};
		92F81CBC197108E100E88C8A /* AllergyTests */ = {
			isa = PBXNativeTarget;
			buildConfigurationList = 92F81CD2197108E100E88C8A /* Build configuration list for PBXNativeTarget "AllergyTests" */;
			buildPhases = (
				92F81CB9197108E100E88C8A /* Sources */,
				92F81CBA197108E100E88C8A /* Frameworks */,
				92F81CBB197108E100E88C8A /* Resources */,
			);
			buildRules = (
			);
			dependencies = (
				92F81CC4197108E100E88C8A /* PBXTargetDependency */,
			);
			name = AllergyTests;
			productName = AllergyTests;
			productReference = 92F81CBD197108E100E88C8A /* AllergyTests.xctest */;
			productType = "com.apple.product-type.bundle.unit-test";
		};
/* End PBXNativeTarget section */

/* Begin PBXProject section */
		92F81C95197108E100E88C8A /* Project object */ = {
			isa = PBXProject;
			attributes = {
				CLASSPREFIX = LH;
				LastUpgradeCheck = 0510;
				ORGANIZATIONNAME = "LinkedIn Hackday";
				TargetAttributes = {
					92F81CBC197108E100E88C8A = {
						TestTargetID = 92F81C9C197108E100E88C8A;
					};
				};
			};
			buildConfigurationList = 92F81C98197108E100E88C8A /* Build configuration list for PBXProject "Allergy" */;
			compatibilityVersion = "Xcode 3.2";
			developmentRegion = English;
			hasScannedForEncodings = 0;
			knownRegions = (
				en,
				de,
			);
			mainGroup = 92F81C94197108E100E88C8A;
			productRefGroup = 92F81C9E197108E100E88C8A /* Products */;
			projectDirPath = "";
			projectRoot = "";
			targets = (
				92F81C9C197108E100E88C8A /* Allergy */,
				92F81CBC197108E100E88C8A /* AllergyTests */,
			);
		};
/* End PBXProject section */

/* Begin PBXResourcesBuildPhase section */
		92F81C9B197108E100E88C8A /* Resources */ = {
			isa = PBXResourcesBuildPhase;
			buildActionMask = 2147483647;
			files = (
				92F81D8D19718AF000E88C8A /* Corn.png in Resources */,
				92F81D6D19717FFC00E88C8A /* Sulfite.jpg in Resources */,
				92F81D8C19718AF000E88C8A /* Cereal.png in Resources */,
				92F81D531971705100E88C8A /* Cross.png in Resources */,
				92F81D711971846000E88C8A /* Tree Nut.jpg in Resources */,
				92F81D6719717FFC00E88C8A /* Lactose.jpg in Resources */,
				92F81D9919718AF000E88C8A /* Wheat.png in Resources */,
				92F81D9819718AF000E88C8A /* Tree Nut.png in Resources */,
				92F81D6219717FFC00E88C8A /* Cereal.jpg in Resources */,
				92F81D6C19717FFC00E88C8A /* Soybean.jpg in Resources */,
				92F81D9219718AF000E88C8A /* Milk.png in Resources */,
				92F81D6319717FFC00E88C8A /* Corn.jpg in Resources */,
				92F81D9119718AF000E88C8A /* Lactose.png in Resources */,
				92F81D6819717FFC00E88C8A /* Milk.jpg in Resources */,
				92F81D9019718AF000E88C8A /* Gluten.png in Resources */,
				92F81D6919717FFC00E88C8A /* Peanut.jpg in Resources */,
				92F81D9719718AF000E88C8A /* Sulfite.png in Resources */,
				92F81D9319718AF000E88C8A /* Peanut.png in Resources */,
				92F81D9519718AF000E88C8A /* Shellfish.png in Resources */,
				92F81D9419718AF000E88C8A /* Sesame Seed.png in Resources */,
				92F81D3D197114FA00E88C8A /* zbar-helpicons.png in Resources */,
				92F81D8F19718AF000E88C8A /* Fish.png in Resources */,
				92F81D9619718AF000E88C8A /* Soybean.png in Resources */,
				92F81D4519714D0400E88C8A /* camera.png in Resources */,
				92F81D6519717FFC00E88C8A /* Fish.jpg in Resources */,
				92F81D6F19717FFC00E88C8A /* Wheat.jpg in Resources */,
				92F81CAD197108E100E88C8A /* InfoPlist.strings in Resources */,
				92F81D9B1971967100E88C8A /* Allergy-Info.plist in Resources */,
				92F81D8E19718AF000E88C8A /* Egg.png in Resources */,
				92F81D791971859B00E88C8A /* Shellfishs.jpg in Resources */,
				92F81D3B197114FA00E88C8A /* zbar-back.png in Resources */,
				92F81D781971859B00E88C8A /* Eggs.jpg in Resources */,
				92F81D3C197114FA00E88C8A /* zbar-help.html in Resources */,
				92F81D3E197114FA00E88C8A /* zbar-samples.png in Resources */,
				92F81D6619717FFC00E88C8A /* Gluten.jpg in Resources */,
				92F81D6A19717FFC00E88C8A /* Sesame Seed.jpg in Resources */,
				92F81CB8197108E100E88C8A /* Images.xcassets in Resources */,
				92F81D521971705100E88C8A /* Check.png in Resources */,
				92F81D7B1971890400E88C8A /* list.png in Resources */,
			);
			runOnlyForDeploymentPostprocessing = 0;
		};
		92F81CBB197108E100E88C8A /* Resources */ = {
			isa = PBXResourcesBuildPhase;
			buildActionMask = 2147483647;
			files = (
				92F81CCA197108E100E88C8A /* InfoPlist.strings in Resources */,
			);
			runOnlyForDeploymentPostprocessing = 0;
		};
/* End PBXResourcesBuildPhase section */

/* Begin PBXSourcesBuildPhase section */
		92F81C99197108E100E88C8A /* Sources */ = {
			isa = PBXSourcesBuildPhase;
			buildActionMask = 2147483647;
			files = (
				92F81CB3197108E100E88C8A /* LHAppDelegate.m in Sources */,
				92F81CD71971093E00E88C8A /* LHMainViewController.m in Sources */,
				92F81CAF197108E100E88C8A /* main.m in Sources */,
				92F81D411971403000E88C8A /* LHTableViewController.m in Sources */,
				92F81CDA19710BE300E88C8A /* LHScanViewController.m in Sources */,
				92F81D4B19715AF900E88C8A /* LHSetupViewController.m in Sources */,
				92F81CB6197108E100E88C8A /* Allergy.xcdatamodeld in Sources */,
			);
			runOnlyForDeploymentPostprocessing = 0;
		};
		92F81CB9197108E100E88C8A /* Sources */ = {
			isa = PBXSourcesBuildPhase;
			buildActionMask = 2147483647;
			files = (
				92F81CCC197108E100E88C8A /* AllergyTests.m in Sources */,
			);
			runOnlyForDeploymentPostprocessing = 0;
		};
/* End PBXSourcesBuildPhase section */

/* Begin PBXTargetDependency section */
		92F81CC4197108E100E88C8A /* PBXTargetDependency */ = {
			isa = PBXTargetDependency;
			target = 92F81C9C197108E100E88C8A /* Allergy */;
			targetProxy = 92F81CC3197108E100E88C8A /* PBXContainerItemProxy */;
		};
/* End PBXTargetDependency section */

/* Begin PBXVariantGroup section */
		92F81CAB197108E100E88C8A /* InfoPlist.strings */ = {
			isa = PBXVariantGroup;
			children = (
				92F81CAC197108E100E88C8A /* en */,
			);
			name = InfoPlist.strings;
			sourceTree = "<group>";
		};
		92F81CC8197108E100E88C8A /* InfoPlist.strings */ = {
			isa = PBXVariantGroup;
			children = (
				92F81CC9197108E100E88C8A /* en */,
			);
			name = InfoPlist.strings;
			sourceTree = "<group>";
		};
/* End PBXVariantGroup section */

/* Begin XCBuildConfiguration section */
		92F81CCD197108E100E88C8A /* Debug */ = {
			isa = XCBuildConfiguration;
			buildSettings = {
				ALWAYS_SEARCH_USER_PATHS = NO;
				CLANG_CXX_LANGUAGE_STANDARD = "gnu++0x";
				CLANG_CXX_LIBRARY = "libc++";
				CLANG_ENABLE_MODULES = YES;
				CLANG_ENABLE_OBJC_ARC = YES;
				CLANG_WARN_BOOL_CONVERSION = YES;
				CLANG_WARN_CONSTANT_CONVERSION = YES;
				CLANG_WARN_DIRECT_OBJC_ISA_USAGE = YES_ERROR;
				CLANG_WARN_EMPTY_BODY = YES;
				CLANG_WARN_ENUM_CONVERSION = YES;
				CLANG_WARN_INT_CONVERSION = YES;
				CLANG_WARN_OBJC_ROOT_CLASS = YES_ERROR;
				CLANG_WARN__DUPLICATE_METHOD_MATCH = YES;
				"CODE_SIGN_IDENTITY[sdk=iphoneos*]" = "iPhone Developer";
				COPY_PHASE_STRIP = NO;
				GCC_C_LANGUAGE_STANDARD = gnu99;
				GCC_DYNAMIC_NO_PIC = NO;
				GCC_OPTIMIZATION_LEVEL = 0;
				GCC_PREPROCESSOR_DEFINITIONS = (
					"DEBUG=1",
					"$(inherited)",
				);
				GCC_SYMBOLS_PRIVATE_EXTERN = NO;
				GCC_WARN_64_TO_32_BIT_CONVERSION = YES;
				GCC_WARN_ABOUT_RETURN_TYPE = YES_ERROR;
				GCC_WARN_UNDECLARED_SELECTOR = YES;
				GCC_WARN_UNINITIALIZED_AUTOS = YES_AGGRESSIVE;
				GCC_WARN_UNUSED_FUNCTION = YES;
				GCC_WARN_UNUSED_VARIABLE = YES;
				IPHONEOS_DEPLOYMENT_TARGET = 7.1;
				ONLY_ACTIVE_ARCH = YES;
				SDKROOT = iphoneos;
			};
			name = Debug;
		};
		92F81CCE197108E100E88C8A /* Release */ = {
			isa = XCBuildConfiguration;
			buildSettings = {
				ALWAYS_SEARCH_USER_PATHS = NO;
				CLANG_CXX_LANGUAGE_STANDARD = "gnu++0x";
				CLANG_CXX_LIBRARY = "libc++";
				CLANG_ENABLE_MODULES = YES;
				CLANG_ENABLE_OBJC_ARC = YES;
				CLANG_WARN_BOOL_CONVERSION = YES;
				CLANG_WARN_CONSTANT_CONVERSION = YES;
				CLANG_WARN_DIRECT_OBJC_ISA_USAGE = YES_ERROR;
				CLANG_WARN_EMPTY_BODY = YES;
				CLANG_WARN_ENUM_CONVERSION = YES;
				CLANG_WARN_INT_CONVERSION = YES;
				CLANG_WARN_OBJC_ROOT_CLASS = YES_ERROR;
				CLANG_WARN__DUPLICATE_METHOD_MATCH = YES;
				"CODE_SIGN_IDENTITY[sdk=iphoneos*]" = "iPhone Developer";
				COPY_PHASE_STRIP = YES;
				ENABLE_NS_ASSERTIONS = NO;
				GCC_C_LANGUAGE_STANDARD = gnu99;
				GCC_WARN_64_TO_32_BIT_CONVERSION = YES;
				GCC_WARN_ABOUT_RETURN_TYPE = YES_ERROR;
				GCC_WARN_UNDECLARED_SELECTOR = YES;
				GCC_WARN_UNINITIALIZED_AUTOS = YES_AGGRESSIVE;
				GCC_WARN_UNUSED_FUNCTION = YES;
				GCC_WARN_UNUSED_VARIABLE = YES;
				IPHONEOS_DEPLOYMENT_TARGET = 7.1;
				SDKROOT = iphoneos;
				VALIDATE_PRODUCT = YES;
			};
			name = Release;
		};
		92F81CD0197108E100E88C8A /* Debug */ = {
			isa = XCBuildConfiguration;
			buildSettings = {
				ASSETCATALOG_COMPILER_APPICON_NAME = AppIcon;
				ASSETCATALOG_COMPILER_LAUNCHIMAGE_NAME = LaunchImage;
				GCC_PRECOMPILE_PREFIX_HEADER = YES;
				GCC_PREFIX_HEADER = "Allergy/Allergy-Prefix.pch";
				INFOPLIST_FILE = "Allergy/Allergy-Info.plist";
				LIBRARY_SEARCH_PATHS = (
					"$(inherited)",
					"$(PROJECT_DIR)/ZBarSDK",
				);
				PRODUCT_NAME = "$(TARGET_NAME)";
				WRAPPER_EXTENSION = app;
			};
			name = Debug;
		};
		92F81CD1197108E100E88C8A /* Release */ = {
			isa = XCBuildConfiguration;
			buildSettings = {
				ASSETCATALOG_COMPILER_APPICON_NAME = AppIcon;
				ASSETCATALOG_COMPILER_LAUNCHIMAGE_NAME = LaunchImage;
				GCC_PRECOMPILE_PREFIX_HEADER = YES;
				GCC_PREFIX_HEADER = "Allergy/Allergy-Prefix.pch";
				INFOPLIST_FILE = "Allergy/Allergy-Info.plist";
				LIBRARY_SEARCH_PATHS = (
					"$(inherited)",
					"$(PROJECT_DIR)/ZBarSDK",
				);
				PRODUCT_NAME = "$(TARGET_NAME)";
				WRAPPER_EXTENSION = app;
			};
			name = Release;
		};
		92F81CD3197108E100E88C8A /* Debug */ = {
			isa = XCBuildConfiguration;
			buildSettings = {
				BUNDLE_LOADER = "$(BUILT_PRODUCTS_DIR)/Allergy.app/Allergy";
				FRAMEWORK_SEARCH_PATHS = (
					"$(SDKROOT)/Developer/Library/Frameworks",
					"$(inherited)",
					"$(DEVELOPER_FRAMEWORKS_DIR)",
				);
				GCC_PRECOMPILE_PREFIX_HEADER = YES;
				GCC_PREFIX_HEADER = "Allergy/Allergy-Prefix.pch";
				GCC_PREPROCESSOR_DEFINITIONS = (
					"DEBUG=1",
					"$(inherited)",
				);
				INFOPLIST_FILE = "AllergyTests/AllergyTests-Info.plist";
				PRODUCT_NAME = "$(TARGET_NAME)";
				TEST_HOST = "$(BUNDLE_LOADER)";
				WRAPPER_EXTENSION = xctest;
			};
			name = Debug;
		};
		92F81CD4197108E100E88C8A /* Release */ = {
			isa = XCBuildConfiguration;
			buildSettings = {
				BUNDLE_LOADER = "$(BUILT_PRODUCTS_DIR)/Allergy.app/Allergy";
				FRAMEWORK_SEARCH_PATHS = (
					"$(SDKROOT)/Developer/Library/Frameworks",
					"$(inherited)",
					"$(DEVELOPER_FRAMEWORKS_DIR)",
				);
				GCC_PRECOMPILE_PREFIX_HEADER = YES;
				GCC_PREFIX_HEADER = "Allergy/Allergy-Prefix.pch";
				INFOPLIST_FILE = "AllergyTests/AllergyTests-Info.plist";
				PRODUCT_NAME = "$(TARGET_NAME)";
				TEST_HOST = "$(BUNDLE_LOADER)";
				WRAPPER_EXTENSION = xctest;
			};
			name = Release;
		};
/* End XCBuildConfiguration section */

/* Begin XCConfigurationList section */
		92F81C98197108E100E88C8A /* Build configuration list for PBXProject "Allergy" */ = {
			isa = XCConfigurationList;
			buildConfigurations = (
				92F81CCD197108E100E88C8A /* Debug */,
				92F81CCE197108E100E88C8A /* Release */,
			);
			defaultConfigurationIsVisible = 0;
			defaultConfigurationName = Release;
		};
		92F81CCF197108E100E88C8A /* Build configuration list for PBXNativeTarget "Allergy" */ = {
			isa = XCConfigurationList;
			buildConfigurations = (
				92F81CD0197108E100E88C8A /* Debug */,
				92F81CD1197108E100E88C8A /* Release */,
			);
			defaultConfigurationIsVisible = 0;
		};
		92F81CD2197108E100E88C8A /* Build configuration list for PBXNativeTarget "AllergyTests" */ = {
			isa = XCConfigurationList;
			buildConfigurations = (
				92F81CD3197108E100E88C8A /* Debug */,
				92F81CD4197108E100E88C8A /* Release */,
			);
			defaultConfigurationIsVisible = 0;
		};
/* End XCConfigurationList section */

/* Begin XCVersionGroup section */
		92F81CB4197108E100E88C8A /* Allergy.xcdatamodeld */ = {
			isa = XCVersionGroup;
			children = (
				92F81CB5197108E100E88C8A /* Allergy.xcdatamodel */,
			);
			currentVersion = 92F81CB5197108E100E88C8A /* Allergy.xcdatamodel */;
			path = Allergy.xcdatamodeld;
			sourceTree = "<group>";
			versionGroupType = wrapper.xcdatamodel;
		};
/* End XCVersionGroup section */
	};
	rootObject = 92F81C95197108E100E88C8A /* Project object */;
}
